
Microsoft Visual Studio Solution File, Format Version 12.00
# Visual Studio 14
VisualStudioVersion = 14.0.25420.1
MinimumVisualStudioVersion = 10.0.40219.1
Project("{FAE04EC0-301F-11D3-BF4B-00C04F79EFBC}") = "GameServer", "GameServer\GameServer.csproj", "{7DF7CC27-3D6D-4A7E-9D55-80BE27D996C5}"
EndProject
Project("{FAE04EC0-301F-11D3-BF4B-00C04F79EFBC}") = "AhpilyServer", "AhpilyServer\AhpilyServer.csproj", "{537A2D30-62A5-4BD0-829B-D9662447D8AF}"
EndProject
Project("{FAE04EC0-301F-11D3-BF4B-00C04F79EFBC}") = "Protocol", "Protocol\Protocol.csproj", "{98E8CA97-9F7E-4286-9627-2F13AE353226}"
EndProject
Global
	GlobalSection(SolutionConfigurationPlatforms) = preSolution
		Debug|Any CPU = Debug|Any CPU
		Release|Any CPU = Release|Any CPU
	EndGlobalSection
	GlobalSection(ProjectConfigurationPlatforms) = postSolution
		{7DF7CC27-3D6D-4A7E-9D55-80BE27D996C5}.Debug|Any CPU.ActiveCfg = Debug|Any CPU
		{7DF7CC27-3D6D-4A7E-9D55-80BE27D996C5}.Debug|Any CPU.Build.0 = Debug|Any CPU
		{7DF7CC27-3D6D-4A7E-9D55-80BE27D996C5}.Release|Any CPU.ActiveCfg = Release|Any CPU
		{7DF7CC27-3D6D-4A7E-9D55-80BE27D996C5}.Release|Any CPU.Build.0 = Release|Any CPU
		{537A2D30-62A5-4BD0-829B-D9662447D8AF}.Debug|Any CPU.ActiveCfg = Debug|Any CPU
		{537A2D30-62A5-4BD0-829B-D9662447D8AF}.Debug|Any CPU.Build.0 = Debug|Any CPU
		{537A2D30-62A5-4BD0-829B-D9662447D8AF}.Release|Any CPU.ActiveCfg = Release|Any CPU
		{537A2D30-62A5-4BD0-829B-D9662447D8AF}.Release|Any CPU.Build.0 = Release|Any CPU
		{98E8CA97-9F7E-4286-9627-2F13AE353226}.Debug|Any CPU.ActiveCfg = Debug|Any CPU
		{98E8CA97-9F7E-4286-9627-2F13AE353226}.Debug|Any CPU.Build.0 = Debug|Any CPU
		{98E8CA97-9F7E-4286-9627-2F13AE353226}.Release|Any CPU.ActiveCfg = Release|Any CPU
		{98E8CA97-9F7E-4286-9627-2F13AE353226}.Release|Any CPU.Build.0 = Release|Any CPU
	EndGlobalSection
	GlobalSection(SolutionProperties) = preSolution
		HideSolutionNode = FALSE
	EndGlobalSection
EndGlobal
